{
  "version": 4,
  "terraform_version": "0.14.8",
  "serial": 8,
  "lineage": "76b36ea5-6583-fe4e-926f-162112a138d0",
  "outputs": {},
  "resources": [
    {
      "mode": "data",
      "type": "aws_route_table",
      "name": "rts",
      "provider": "provider[\"registry.terraform.io/hashicorp/aws\"]",
      "instances": [
        {
          "schema_version": 0,
          "attributes": {
            "arn": "arn:aws:ec2:us-east-1:576237766416:route-table/rtb-05846f9d244229c22",
            "associations": [
              {
                "gateway_id": "",
                "main": false,
                "route_table_association_id": "rtbassoc-04187aa46a5aabf0d",
                "route_table_id": "rtb-05846f9d244229c22",
                "subnet_id": "subnet-095eb2fa01e72b910"
              }
            ],
            "filter": [
              {
                "name": "tag:Name",
                "values": [
                  "*pr*"
                ]
              }
            ],
            "gateway_id": null,
            "id": "rtb-05846f9d244229c22",
            "owner_id": "576237766416",
            "route_table_id": "rtb-05846f9d244229c22",
            "routes": [
              {
                "carrier_gateway_id": "",
                "cidr_block": "0.0.0.0/0",
                "egress_only_gateway_id": "",
                "gateway_id": "",
                "instance_id": "i-02389e79ceb35fa7c",
                "ipv6_cidr_block": "",
                "local_gateway_id": "",
                "nat_gateway_id": "",
                "network_interface_id": "eni-09bb451f94809f91a",
                "transit_gateway_id": "",
                "vpc_endpoint_id": "",
                "vpc_peering_connection_id": ""
              }
            ],
            "subnet_id": null,
            "tags": {
              "AccountName": "c2go-teste",
              "Environment": "lab",
              "Name": "prv-k8-labs-kubernetes-a",
              "Project": "k8-labs"
            },
            "vpc_id": "vpc-0970109df2579508c"
          },
          "sensitive_attributes": []
        }
      ]
    },
    {
      "mode": "data",
      "type": "aws_vpc",
      "name": "vpc",
      "provider": "provider[\"registry.terraform.io/hashicorp/aws\"]",
      "instances": [
        {
          "schema_version": 0,
          "attributes": {
            "arn": "arn:aws:ec2:us-east-1:576237766416:vpc/vpc-0970109df2579508c",
            "cidr_block": "172.17.0.0/24",
            "cidr_block_associations": [
              {
                "association_id": "vpc-cidr-assoc-09339d8e6dfbe3e16",
                "cidr_block": "172.17.0.0/24",
                "state": "associated"
              }
            ],
            "default": false,
            "dhcp_options_id": "dopt-05119579e231324d9",
            "enable_dns_hostnames": true,
            "enable_dns_support": true,
            "filter": null,
            "id": "vpc-0970109df2579508c",
            "instance_tenancy": "default",
            "ipv6_association_id": null,
            "ipv6_cidr_block": null,
            "main_route_table_id": "rtb-08f265fef48b1afe2",
            "owner_id": "576237766416",
            "state": "available",
            "tags": {
              "AccountName": "c2go-teste",
              "Environment": "lab",
              "Name": "k8-labs",
              "Project": "k8-labs"
            }
          },
          "sensitive_attributes": []
        }
      ]
    },
    {
      "mode": "managed",
      "type": "aws_customer_gateway",
      "name": "customer_gateway",
      "provider": "provider[\"registry.terraform.io/hashicorp/aws\"]",
      "instances": [
        {
          "schema_version": 0,
          "attributes": {
            "arn": "arn:aws:ec2:us-east-1:576237766416:customer-gateway/cgw-0786c24ec82e66075",
            "bgp_asn": "65000",
            "device_name": "",
            "id": "cgw-0786c24ec82e66075",
            "ip_address": "104.41.51.155",
            "tags": {},
            "type": "ipsec.1"
          },
          "sensitive_attributes": [],
          "private": "bnVsbA=="
        }
      ]
    },
    {
      "mode": "managed",
      "type": "aws_vpn_connection",
      "name": "main",
      "provider": "provider[\"registry.terraform.io/hashicorp/aws\"]",
      "instances": [
        {
          "schema_version": 0,
          "attributes": {
            "arn": "arn:aws:ec2:us-east-1:576237766416:vpn-connection/vpn-00f3762ddd529af23",
            "customer_gateway_configuration": "\u003c?xml version=\"1.0\" encoding=\"UTF-8\"?\u003e\n\u003cvpn_connection id=\"vpn-00f3762ddd529af23\"\u003e\n  \u003ccustomer_gateway_id\u003ecgw-0786c24ec82e66075\u003c/customer_gateway_id\u003e\n  \u003cvpn_gateway_id\u003evgw-08e19b4cd6e542b59\u003c/vpn_gateway_id\u003e\n  \u003cvpn_connection_type\u003eipsec.1\u003c/vpn_connection_type\u003e\n  \u003cvpn_connection_attributes\u003eNoBGPVPNConnection\u003c/vpn_connection_attributes\u003e\n  \u003cipsec_tunnel\u003e\n    \u003ccustomer_gateway\u003e\n      \u003ctunnel_outside_address\u003e\n        \u003cip_address\u003e104.41.51.155\u003c/ip_address\u003e\n      \u003c/tunnel_outside_address\u003e\n      \u003ctunnel_inside_address\u003e\n        \u003cip_address\u003e169.254.12.166\u003c/ip_address\u003e\n        \u003cnetwork_mask\u003e255.255.255.252\u003c/network_mask\u003e\n        \u003cnetwork_cidr\u003e30\u003c/network_cidr\u003e\n      \u003c/tunnel_inside_address\u003e\n    \u003c/customer_gateway\u003e\n    \u003cvpn_gateway\u003e\n      \u003ctunnel_outside_address\u003e\n        \u003cip_address\u003e3.94.71.44\u003c/ip_address\u003e\n      \u003c/tunnel_outside_address\u003e\n      \u003ctunnel_inside_address\u003e\n        \u003cip_address\u003e169.254.12.165\u003c/ip_address\u003e\n        \u003cnetwork_mask\u003e255.255.255.252\u003c/network_mask\u003e\n        \u003cnetwork_cidr\u003e30\u003c/network_cidr\u003e\n      \u003c/tunnel_inside_address\u003e\n    \u003c/vpn_gateway\u003e\n    \u003cike\u003e\n      \u003cauthentication_protocol\u003esha1\u003c/authentication_protocol\u003e\n      \u003cencryption_protocol\u003eaes-128-cbc\u003c/encryption_protocol\u003e\n      \u003clifetime\u003e28800\u003c/lifetime\u003e\n      \u003cperfect_forward_secrecy\u003egroup2\u003c/perfect_forward_secrecy\u003e\n      \u003cmode\u003emain\u003c/mode\u003e\n      \u003cpre_shared_key\u003eky.qzYx4BEA8SRMj2zhfwyfJjkOWqUBn\u003c/pre_shared_key\u003e\n    \u003c/ike\u003e\n    \u003cipsec\u003e\n      \u003cprotocol\u003eesp\u003c/protocol\u003e\n      \u003cauthentication_protocol\u003ehmac-sha1-96\u003c/authentication_protocol\u003e\n      \u003cencryption_protocol\u003eaes-128-cbc\u003c/encryption_protocol\u003e\n      \u003clifetime\u003e3600\u003c/lifetime\u003e\n      \u003cperfect_forward_secrecy\u003egroup2\u003c/perfect_forward_secrecy\u003e\n      \u003cmode\u003etunnel\u003c/mode\u003e\n      \u003cclear_df_bit\u003etrue\u003c/clear_df_bit\u003e\n      \u003cfragmentation_before_encryption\u003etrue\u003c/fragmentation_before_encryption\u003e\n      \u003ctcp_mss_adjustment\u003e1379\u003c/tcp_mss_adjustment\u003e\n      \u003cdead_peer_detection\u003e\n        \u003cinterval\u003e10\u003c/interval\u003e\n        \u003cretries\u003e3\u003c/retries\u003e\n      \u003c/dead_peer_detection\u003e\n    \u003c/ipsec\u003e\n  \u003c/ipsec_tunnel\u003e\n  \u003cipsec_tunnel\u003e\n    \u003ccustomer_gateway\u003e\n      \u003ctunnel_outside_address\u003e\n        \u003cip_address\u003e104.41.51.155\u003c/ip_address\u003e\n      \u003c/tunnel_outside_address\u003e\n      \u003ctunnel_inside_address\u003e\n        \u003cip_address\u003e169.254.151.122\u003c/ip_address\u003e\n        \u003cnetwork_mask\u003e255.255.255.252\u003c/network_mask\u003e\n        \u003cnetwork_cidr\u003e30\u003c/network_cidr\u003e\n      \u003c/tunnel_inside_address\u003e\n    \u003c/customer_gateway\u003e\n    \u003cvpn_gateway\u003e\n      \u003ctunnel_outside_address\u003e\n        \u003cip_address\u003e34.233.40.232\u003c/ip_address\u003e\n      \u003c/tunnel_outside_address\u003e\n      \u003ctunnel_inside_address\u003e\n        \u003cip_address\u003e169.254.151.121\u003c/ip_address\u003e\n        \u003cnetwork_mask\u003e255.255.255.252\u003c/network_mask\u003e\n        \u003cnetwork_cidr\u003e30\u003c/network_cidr\u003e\n      \u003c/tunnel_inside_address\u003e\n    \u003c/vpn_gateway\u003e\n    \u003cike\u003e\n      \u003cauthentication_protocol\u003esha1\u003c/authentication_protocol\u003e\n      \u003cencryption_protocol\u003eaes-128-cbc\u003c/encryption_protocol\u003e\n      \u003clifetime\u003e28800\u003c/lifetime\u003e\n      \u003cperfect_forward_secrecy\u003egroup2\u003c/perfect_forward_secrecy\u003e\n      \u003cmode\u003emain\u003c/mode\u003e\n      \u003cpre_shared_key\u003e6J9ut.s0MWoNvHDUMgdcGTCZy9L169fz\u003c/pre_shared_key\u003e\n    \u003c/ike\u003e\n    \u003cipsec\u003e\n      \u003cprotocol\u003eesp\u003c/protocol\u003e\n      \u003cauthentication_protocol\u003ehmac-sha1-96\u003c/authentication_protocol\u003e\n      \u003cencryption_protocol\u003eaes-128-cbc\u003c/encryption_protocol\u003e\n      \u003clifetime\u003e3600\u003c/lifetime\u003e\n      \u003cperfect_forward_secrecy\u003egroup2\u003c/perfect_forward_secrecy\u003e\n      \u003cmode\u003etunnel\u003c/mode\u003e\n      \u003cclear_df_bit\u003etrue\u003c/clear_df_bit\u003e\n      \u003cfragmentation_before_encryption\u003etrue\u003c/fragmentation_before_encryption\u003e\n      \u003ctcp_mss_adjustment\u003e1379\u003c/tcp_mss_adjustment\u003e\n      \u003cdead_peer_detection\u003e\n        \u003cinterval\u003e10\u003c/interval\u003e\n        \u003cretries\u003e3\u003c/retries\u003e\n      \u003c/dead_peer_detection\u003e\n    \u003c/ipsec\u003e\n  \u003c/ipsec_tunnel\u003e\n\u003c/vpn_connection\u003e",
            "customer_gateway_id": "cgw-0786c24ec82e66075",
            "enable_acceleration": false,
            "id": "vpn-00f3762ddd529af23",
            "local_ipv4_network_cidr": "0.0.0.0/0",
            "local_ipv6_network_cidr": "",
            "remote_ipv4_network_cidr": "0.0.0.0/0",
            "remote_ipv6_network_cidr": "",
            "routes": [
              {
                "destination_cidr_block": "192.168.189.0/24",
                "source": "",
                "state": "available"
              }
            ],
            "static_routes_only": true,
            "tags": {
              "Name": "VPN"
            },
            "transit_gateway_attachment_id": "",
            "transit_gateway_id": "",
            "tunnel1_address": "3.94.71.44",
            "tunnel1_bgp_asn": "",
            "tunnel1_bgp_holdtime": 0,
            "tunnel1_cgw_inside_address": "169.254.12.166",
            "tunnel1_dpd_timeout_action": null,
            "tunnel1_dpd_timeout_seconds": null,
            "tunnel1_ike_versions": null,
            "tunnel1_inside_cidr": null,
            "tunnel1_inside_ipv6_cidr": null,
            "tunnel1_phase1_dh_group_numbers": null,
            "tunnel1_phase1_encryption_algorithms": null,
            "tunnel1_phase1_integrity_algorithms": null,
            "tunnel1_phase1_lifetime_seconds": null,
            "tunnel1_phase2_dh_group_numbers": null,
            "tunnel1_phase2_encryption_algorithms": null,
            "tunnel1_phase2_integrity_algorithms": null,
            "tunnel1_phase2_lifetime_seconds": null,
            "tunnel1_preshared_key": "ky.qzYx4BEA8SRMj2zhfwyfJjkOWqUBn",
            "tunnel1_rekey_fuzz_percentage": null,
            "tunnel1_rekey_margin_time_seconds": null,
            "tunnel1_replay_window_size": null,
            "tunnel1_startup_action": null,
            "tunnel1_vgw_inside_address": "169.254.12.165",
            "tunnel2_address": "34.233.40.232",
            "tunnel2_bgp_asn": "",
            "tunnel2_bgp_holdtime": 0,
            "tunnel2_cgw_inside_address": "169.254.151.122",
            "tunnel2_dpd_timeout_action": null,
            "tunnel2_dpd_timeout_seconds": null,
            "tunnel2_ike_versions": null,
            "tunnel2_inside_cidr": null,
            "tunnel2_inside_ipv6_cidr": null,
            "tunnel2_phase1_dh_group_numbers": null,
            "tunnel2_phase1_encryption_algorithms": null,
            "tunnel2_phase1_integrity_algorithms": null,
            "tunnel2_phase1_lifetime_seconds": null,
            "tunnel2_phase2_dh_group_numbers": null,
            "tunnel2_phase2_encryption_algorithms": null,
            "tunnel2_phase2_integrity_algorithms": null,
            "tunnel2_phase2_lifetime_seconds": null,
            "tunnel2_preshared_key": "6J9ut.s0MWoNvHDUMgdcGTCZy9L169fz",
            "tunnel2_rekey_fuzz_percentage": null,
            "tunnel2_rekey_margin_time_seconds": null,
            "tunnel2_replay_window_size": null,
            "tunnel2_startup_action": null,
            "tunnel2_vgw_inside_address": "169.254.151.121",
            "tunnel_inside_ip_version": "ipv4",
            "type": "ipsec.1",
            "vgw_telemetry": [
              {
                "accepted_route_count": 1,
                "last_status_change": "2021-03-29T20:48:05Z",
                "outside_ip_address": "34.233.40.232",
                "status": "DOWN",
                "status_message": ""
              },
              {
                "accepted_route_count": 1,
                "last_status_change": "2021-03-29T20:49:17Z",
                "outside_ip_address": "3.94.71.44",
                "status": "DOWN",
                "status_message": ""
              }
            ],
            "vpn_gateway_id": "vgw-08e19b4cd6e542b59"
          },
          "sensitive_attributes": [],
          "private": "bnVsbA==",
          "dependencies": [
            "aws_customer_gateway.customer_gateway",
            "aws_vpn_gateway.vpn_gateway"
          ]
        }
      ]
    },
    {
      "mode": "managed",
      "type": "aws_vpn_connection_route",
      "name": "office",
      "provider": "provider[\"registry.terraform.io/hashicorp/aws\"]",
      "instances": [
        {
          "schema_version": 0,
          "attributes": {
            "destination_cidr_block": "192.168.189.0/24",
            "id": "192.168.189.0/24:vpn-00f3762ddd529af23",
            "vpn_connection_id": "vpn-00f3762ddd529af23"
          },
          "sensitive_attributes": [],
          "private": "bnVsbA==",
          "dependencies": [
            "aws_customer_gateway.customer_gateway",
            "aws_vpn_connection.main",
            "aws_vpn_gateway.vpn_gateway",
            "data.aws_vpc.vpc"
          ]
        }
      ]
    },
    {
      "mode": "managed",
      "type": "aws_vpn_gateway",
      "name": "vpn_gateway",
      "provider": "provider[\"registry.terraform.io/hashicorp/aws\"]",
      "instances": [
        {
          "schema_version": 0,
          "attributes": {
            "amazon_side_asn": "64512",
            "arn": "arn:aws:ec2:us-east-1:576237766416:vpn-gateway/vgw-08e19b4cd6e542b59",
            "availability_zone": null,
            "id": "vgw-08e19b4cd6e542b59",
            "tags": {},
            "vpc_id": "vpc-0970109df2579508c"
          },
          "sensitive_attributes": [],
          "private": "bnVsbA==",
          "dependencies": [
            "data.aws_vpc.vpc"
          ]
        }
      ]
    },
    {
      "mode": "managed",
      "type": "aws_vpn_gateway_route_propagation",
      "name": "example",
      "provider": "provider[\"registry.terraform.io/hashicorp/aws\"]",
      "instances": [
        {
          "schema_version": 0,
          "attributes": {
            "id": "vgw-08e19b4cd6e542b59_rtb-05846f9d244229c22",
            "route_table_id": "rtb-05846f9d244229c22",
            "vpn_gateway_id": "vgw-08e19b4cd6e542b59"
          },
          "sensitive_attributes": [],
          "private": "bnVsbA==",
          "dependencies": [
            "aws_vpn_gateway.vpn_gateway",
            "data.aws_route_table.rts",
            "data.aws_vpc.vpc"
          ]
        }
      ]
    }
  ]
}
